<?xml version="1.0" encoding="UTF-8"?>
<Project ToolsVersion="14.0" xmlns="http://schemas.microsoft.com/developer/msbuild/2003">
  <ItemGroup>
    <CustomBuild Include="C:\Users\mathu\Downloads\zetaglest-source-develop\mk\windows\dependencies\src\lua\CMakeFiles\23857e3d7ffabbad1d51f8433547d486\generate.stamp.rule">
      <Filter>CMake Rules</Filter>
    </CustomBuild>
  </ItemGroup>
  <ItemGroup>
    <Filter Include="CMake Rules">
      <UniqueIdentifier>{CE97F683-9497-3915-910A-453D1989A28D}</UniqueIdentifier>
    </Filter>
  </ItemGroup>
</Project>
